Microsoft Visual Studio Solution File, Format Version 12.00
# Visual Studio Version 16
VisualStudioVersion = 16.0.29411.138
MinimumVisualStudioVersion = 10.0.40219.1
Project("{9A19103F-16F7-4668-BE54-9A1E7A4F7556}") = "Celin.AIS.Data", "Celin.AIS.Data.csproj", "{3F28B3B6-2AF4-4B44-920C-BA09E6C1DB1C}"
EndProject
Project("{FAE04EC0-301F-11D3-BF4B-00C04F79EFBC}") = "Test.Celin.AIS.Data", "..\Test.Celin.AIS.Data\Test.Celin.AIS.Data.csproj", "{6A68CB2A-E5A1-408F-BA9D-D4F5A0471006}"
EndProject
Global
	GlobalSection(SolutionConfigurationPlatforms) = preSolution
		Debug|Any CPU = Debug|Any CPU
		Release|Any CPU = Release|Any CPU
	EndGlobalSection
	GlobalSection(ProjectConfigurationPlatforms) = postSolution
		{3F28B3B6-2AF4-4B44-920C-BA09E6C1DB1C}.Debug|Any CPU.ActiveCfg = Debug|Any CPU
		{3F28B3B6-2AF4-4B44-920C-BA09E6C1DB1C}.Debug|Any CPU.Build.0 = Debug|Any CPU
		{3F28B3B6-2AF4-4B44-920C-BA09E6C1DB1C}.Release|Any CPU.ActiveCfg = Release|Any CPU
		{3F28B3B6-2AF4-4B44-920C-BA09E6C1DB1C}.Release|Any CPU.Build.0 = Release|Any CPU
		{6A68CB2A-E5A1-408F-BA9D-D4F5A0471006}.Debug|Any CPU.ActiveCfg = Debug|Any CPU
		{6A68CB2A-E5A1-408F-BA9D-D4F5A0471006}.Debug|Any CPU.Build.0 = Debug|Any CPU
		{6A68CB2A-E5A1-408F-BA9D-D4F5A0471006}.Release|Any CPU.ActiveCfg = Release|Any CPU
		{6A68CB2A-E5A1-408F-BA9D-D4F5A0471006}.Release|Any CPU.Build.0 = Release|Any CPU
	EndGlobalSection
	GlobalSection(SolutionProperties) = preSolution
		HideSolutionNode = FALSE
	EndGlobalSection
	GlobalSection(ExtensibilityGlobals) = postSolution
		SolutionGuid = {FBCCDD25-BD4A-4417-A416-D3C8D9CC27A5}
	EndGlobalSection
	GlobalSection(MonoDevelopProperties) = preSolution
		Policies = $0
		$0.DotNetNamingPolicy = $1
	EndGlobalSection
EndGlobal
